// !$*UTF8*$!
{
	archiveVersion = 1;
	classes = {
	};
	objectVersion = 47;
	objects = {

/* Begin PBXBuildFile section */
		3E019E471EE24858005C29BE /* JSON+Float.swift in Sources */ = {isa = PBXBuildFile; fileRef = 3E019E461EE24858005C29BE /* JSON+Float.swift */; };
		3E019E481EE24858005C29BE /* JSON+Float.swift in Sources */ = {isa = PBXBuildFile; fileRef = 3E019E461EE24858005C29BE /* JSON+Float.swift */; };
		3E019E491EE24858005C29BE /* JSON+Float.swift in Sources */ = {isa = PBXBuildFile; fileRef = 3E019E461EE24858005C29BE /* JSON+Float.swift */; };
		3E019E4A1EE24858005C29BE /* JSON+Float.swift in Sources */ = {isa = PBXBuildFile; fileRef = 3E019E461EE24858005C29BE /* JSON+Float.swift */; };
		4C6351081EE5B3E80070A56F /* Decodable+JSON.swift in Sources */ = {isa = PBXBuildFile; fileRef = 4C6351071EE5B3E80070A56F /* Decodable+JSON.swift */; };
		4C6351091EE5B4DC0070A56F /* Decodable+JSON.swift in Sources */ = {isa = PBXBuildFile; fileRef = 4C6351071EE5B3E80070A56F /* Decodable+JSON.swift */; };
		4C63510A1EE5B4DC0070A56F /* Decodable+JSON.swift in Sources */ = {isa = PBXBuildFile; fileRef = 4C6351071EE5B3E80070A56F /* Decodable+JSON.swift */; };
		4C63510B1EE5B4DD0070A56F /* Decodable+JSON.swift in Sources */ = {isa = PBXBuildFile; fileRef = 4C6351071EE5B3E80070A56F /* Decodable+JSON.swift */; };
		4C63510E1EE5B4F50070A56F /* DecodableTests.swift in Sources */ = {isa = PBXBuildFile; fileRef = 4C63510C1EE5B4EB0070A56F /* DecodableTests.swift */; };
		4C63510F1EE5B4F60070A56F /* DecodableTests.swift in Sources */ = {isa = PBXBuildFile; fileRef = 4C63510C1EE5B4EB0070A56F /* DecodableTests.swift */; };
		4C6351101EE5B4F60070A56F /* DecodableTests.swift in Sources */ = {isa = PBXBuildFile; fileRef = 4C63510C1EE5B4EB0070A56F /* DecodableTests.swift */; };
		4C68A7EA1EE065BF002382EB /* StringExtensionTests.swift in Sources */ = {isa = PBXBuildFile; fileRef = 4C68A7E81EE064E9002382EB /* StringExtensionTests.swift */; };
		4C68A7EB1EE065C0002382EB /* StringExtensionTests.swift in Sources */ = {isa = PBXBuildFile; fileRef = 4C68A7E81EE064E9002382EB /* StringExtensionTests.swift */; };
		4C68A7EC1EE065C0002382EB /* StringExtensionTests.swift in Sources */ = {isa = PBXBuildFile; fileRef = 4C68A7E81EE064E9002382EB /* StringExtensionTests.swift */; };
		4C68A7EE1EE0666E002382EB /* Decodable+Foundation.swift in Sources */ = {isa = PBXBuildFile; fileRef = 4C68A7ED1EE0666E002382EB /* Decodable+Foundation.swift */; };
		4C68A7F01EE0808A002382EB /* Dictionary+Pairs.swift in Sources */ = {isa = PBXBuildFile; fileRef = 4C68A7EF1EE0808A002382EB /* Dictionary+Pairs.swift */; };
		4C68A7F31EE08E7D002382EB /* NumberTests.swift in Sources */ = {isa = PBXBuildFile; fileRef = 4C68A7F11EE08E4C002382EB /* NumberTests.swift */; };
		4C68A7F41EE08E7E002382EB /* NumberTests.swift in Sources */ = {isa = PBXBuildFile; fileRef = 4C68A7F11EE08E4C002382EB /* NumberTests.swift */; };
		4C68A7F51EE08E7E002382EB /* NumberTests.swift in Sources */ = {isa = PBXBuildFile; fileRef = 4C68A7F11EE08E4C002382EB /* NumberTests.swift */; };
		4C68A7F71EE0ABFF002382EB /* JSON+Bool.swift in Sources */ = {isa = PBXBuildFile; fileRef = 4C68A7F61EE0ABFF002382EB /* JSON+Bool.swift */; };
		4C68A7F91EE0AD1D002382EB /* BoolTests.swift in Sources */ = {isa = PBXBuildFile; fileRef = 4C68A7F81EE0AD1D002382EB /* BoolTests.swift */; };
		4C68A7FA1EE0AD1D002382EB /* BoolTests.swift in Sources */ = {isa = PBXBuildFile; fileRef = 4C68A7F81EE0AD1D002382EB /* BoolTests.swift */; };
		4C68A7FB1EE0AD1D002382EB /* BoolTests.swift in Sources */ = {isa = PBXBuildFile; fileRef = 4C68A7F81EE0AD1D002382EB /* BoolTests.swift */; };
		4C68A7FC1EE0C198002382EB /* Decodable.swift in Sources */ = {isa = PBXBuildFile; fileRef = 4C731FA71ED4E6150047B818 /* Decodable.swift */; };
		4C68A7FD1EE0C199002382EB /* Decodable.swift in Sources */ = {isa = PBXBuildFile; fileRef = 4C731FA71ED4E6150047B818 /* Decodable.swift */; };
		4C68A7FE1EE0C199002382EB /* Decodable.swift in Sources */ = {isa = PBXBuildFile; fileRef = 4C731FA71ED4E6150047B818 /* Decodable.swift */; };
		4C68A7FF1EE0C19C002382EB /* DecodeError.swift in Sources */ = {isa = PBXBuildFile; fileRef = 4C731FA91ED4E64C0047B818 /* DecodeError.swift */; };
		4C68A8001EE0C19D002382EB /* DecodeError.swift in Sources */ = {isa = PBXBuildFile; fileRef = 4C731FA91ED4E64C0047B818 /* DecodeError.swift */; };
		4C68A8011EE0C19D002382EB /* DecodeError.swift in Sources */ = {isa = PBXBuildFile; fileRef = 4C731FA91ED4E64C0047B818 /* DecodeError.swift */; };
		4C68A8021EE0C1A1002382EB /* Decodable+Foundation.swift in Sources */ = {isa = PBXBuildFile; fileRef = 4C68A7ED1EE0666E002382EB /* Decodable+Foundation.swift */; };
		4C68A8031EE0C1A1002382EB /* Decodable+Foundation.swift in Sources */ = {isa = PBXBuildFile; fileRef = 4C68A7ED1EE0666E002382EB /* Decodable+Foundation.swift */; };
		4C68A8041EE0C1A2002382EB /* Decodable+Foundation.swift in Sources */ = {isa = PBXBuildFile; fileRef = 4C68A7ED1EE0666E002382EB /* Decodable+Foundation.swift */; };
		4C68A8051EE0C1A5002382EB /* JSON.swift in Sources */ = {isa = PBXBuildFile; fileRef = 4C731FAB1ED4E6AD0047B818 /* JSON.swift */; };
		4C68A8061EE0C1A5002382EB /* JSON.swift in Sources */ = {isa = PBXBuildFile; fileRef = 4C731FAB1ED4E6AD0047B818 /* JSON.swift */; };
		4C68A8071EE0C1A6002382EB /* JSON.swift in Sources */ = {isa = PBXBuildFile; fileRef = 4C731FAB1ED4E6AD0047B818 /* JSON.swift */; };
		4C68A8081EE0C1A9002382EB /* JSONType.swift in Sources */ = {isa = PBXBuildFile; fileRef = 4C731FAD1ED4E6C70047B818 /* JSONType.swift */; };
		4C68A8091EE0C1A9002382EB /* JSONType.swift in Sources */ = {isa = PBXBuildFile; fileRef = 4C731FAD1ED4E6C70047B818 /* JSONType.swift */; };
		4C68A80A1EE0C1AA002382EB /* JSONType.swift in Sources */ = {isa = PBXBuildFile; fileRef = 4C731FAD1ED4E6C70047B818 /* JSONType.swift */; };
		4C68A80B1EE0C1AD002382EB /* JSONError.swift in Sources */ = {isa = PBXBuildFile; fileRef = 4C731FAF1ED4E8620047B818 /* JSONError.swift */; };
		4C68A80C1EE0C1AD002382EB /* JSONError.swift in Sources */ = {isa = PBXBuildFile; fileRef = 4C731FAF1ED4E8620047B818 /* JSONError.swift */; };
		4C68A80D1EE0C1AE002382EB /* JSONError.swift in Sources */ = {isa = PBXBuildFile; fileRef = 4C731FAF1ED4E8620047B818 /* JSONError.swift */; };
		4C68A80E1EE0C201002382EB /* JSON+Bool.swift in Sources */ = {isa = PBXBuildFile; fileRef = 4C68A7F61EE0ABFF002382EB /* JSON+Bool.swift */; };
		4C68A80F1EE0C202002382EB /* JSON+Bool.swift in Sources */ = {isa = PBXBuildFile; fileRef = 4C68A7F61EE0ABFF002382EB /* JSON+Bool.swift */; };
		4C68A8101EE0C202002382EB /* JSON+Bool.swift in Sources */ = {isa = PBXBuildFile; fileRef = 4C68A7F61EE0ABFF002382EB /* JSON+Bool.swift */; };
		4C68A8111EE0C205002382EB /* Dictionary+Pairs.swift in Sources */ = {isa = PBXBuildFile; fileRef = 4C68A7EF1EE0808A002382EB /* Dictionary+Pairs.swift */; };
		4C68A8121EE0C205002382EB /* Dictionary+Pairs.swift in Sources */ = {isa = PBXBuildFile; fileRef = 4C68A7EF1EE0808A002382EB /* Dictionary+Pairs.swift */; };
		4C68A8131EE0C206002382EB /* Dictionary+Pairs.swift in Sources */ = {isa = PBXBuildFile; fileRef = 4C68A7EF1EE0808A002382EB /* Dictionary+Pairs.swift */; };
		4C68A8181EE0C258002382EB /* JSON+Equatable.swift in Sources */ = {isa = PBXBuildFile; fileRef = 4C68A8141EE0C247002382EB /* JSON+Equatable.swift */; };
		4C68A8191EE0C258002382EB /* JSON+Equatable.swift in Sources */ = {isa = PBXBuildFile; fileRef = 4C68A8141EE0C247002382EB /* JSON+Equatable.swift */; };
		4C68A81A1EE0C259002382EB /* JSON+Equatable.swift in Sources */ = {isa = PBXBuildFile; fileRef = 4C68A8141EE0C247002382EB /* JSON+Equatable.swift */; };
		4C68A81B1EE0C25A002382EB /* JSON+Equatable.swift in Sources */ = {isa = PBXBuildFile; fileRef = 4C68A8141EE0C247002382EB /* JSON+Equatable.swift */; };
		4C68A81D1EE0C2E3002382EB /* JSON+String.swift in Sources */ = {isa = PBXBuildFile; fileRef = 4C68A81C1EE0C2E3002382EB /* JSON+String.swift */; };
		4C68A81E1EE0C2E3002382EB /* JSON+String.swift in Sources */ = {isa = PBXBuildFile; fileRef = 4C68A81C1EE0C2E3002382EB /* JSON+String.swift */; };
		4C68A81F1EE0C2E3002382EB /* JSON+String.swift in Sources */ = {isa = PBXBuildFile; fileRef = 4C68A81C1EE0C2E3002382EB /* JSON+String.swift */; };
		4C68A8201EE0C2E3002382EB /* JSON+String.swift in Sources */ = {isa = PBXBuildFile; fileRef = 4C68A81C1EE0C2E3002382EB /* JSON+String.swift */; };
		4C68A8221EE0C348002382EB /* JSON+Int.swift in Sources */ = {isa = PBXBuildFile; fileRef = 4C68A8211EE0C348002382EB /* JSON+Int.swift */; };
		4C68A8231EE0C348002382EB /* JSON+Int.swift in Sources */ = {isa = PBXBuildFile; fileRef = 4C68A8211EE0C348002382EB /* JSON+Int.swift */; };
		4C68A8241EE0C348002382EB /* JSON+Int.swift in Sources */ = {isa = PBXBuildFile; fileRef = 4C68A8211EE0C348002382EB /* JSON+Int.swift */; };
		4C68A8251EE0C348002382EB /* JSON+Int.swift in Sources */ = {isa = PBXBuildFile; fileRef = 4C68A8211EE0C348002382EB /* JSON+Int.swift */; };
		4C731FA81ED4E6150047B818 /* Decodable.swift in Sources */ = {isa = PBXBuildFile; fileRef = 4C731FA71ED4E6150047B818 /* Decodable.swift */; };
		4C731FAA1ED4E64C0047B818 /* DecodeError.swift in Sources */ = {isa = PBXBuildFile; fileRef = 4C731FA91ED4E64C0047B818 /* DecodeError.swift */; };
		4C731FAC1ED4E6AD0047B818 /* JSON.swift in Sources */ = {isa = PBXBuildFile; fileRef = 4C731FAB1ED4E6AD0047B818 /* JSON.swift */; };
		4C731FAE1ED4E6C70047B818 /* JSONType.swift in Sources */ = {isa = PBXBuildFile; fileRef = 4C731FAD1ED4E6C70047B818 /* JSONType.swift */; };
		4C731FB01ED4E8620047B818 /* JSONError.swift in Sources */ = {isa = PBXBuildFile; fileRef = 4C731FAF1ED4E8620047B818 /* JSONError.swift */; };
		4CD475511EE1B7ED001A71ED /* JSON+Double.swift in Sources */ = {isa = PBXBuildFile; fileRef = 4CD475501EE1B7ED001A71ED /* JSON+Double.swift */; };
		4CD475521EE1B7ED001A71ED /* JSON+Double.swift in Sources */ = {isa = PBXBuildFile; fileRef = 4CD475501EE1B7ED001A71ED /* JSON+Double.swift */; };
		4CD475531EE1B7ED001A71ED /* JSON+Double.swift in Sources */ = {isa = PBXBuildFile; fileRef = 4CD475501EE1B7ED001A71ED /* JSON+Double.swift */; };
		4CD475541EE1B7ED001A71ED /* JSON+Double.swift in Sources */ = {isa = PBXBuildFile; fileRef = 4CD475501EE1B7ED001A71ED /* JSON+Double.swift */; };
		4CD475561EE1C0B4001A71ED /* JSON+Array.swift in Sources */ = {isa = PBXBuildFile; fileRef = 4CD475551EE1C0B4001A71ED /* JSON+Array.swift */; };
		4CD475571EE1C0B4001A71ED /* JSON+Array.swift in Sources */ = {isa = PBXBuildFile; fileRef = 4CD475551EE1C0B4001A71ED /* JSON+Array.swift */; };
		4CD475581EE1C0B4001A71ED /* JSON+Array.swift in Sources */ = {isa = PBXBuildFile; fileRef = 4CD475551EE1C0B4001A71ED /* JSON+Array.swift */; };
		4CD475591EE1C0B4001A71ED /* JSON+Array.swift in Sources */ = {isa = PBXBuildFile; fileRef = 4CD475551EE1C0B4001A71ED /* JSON+Array.swift */; };
		4CD4755B1EE1C13D001A71ED /* ArrayTests.swift in Sources */ = {isa = PBXBuildFile; fileRef = 4CD4755A1EE1C13D001A71ED /* ArrayTests.swift */; };
		4CD4755C1EE1C13D001A71ED /* ArrayTests.swift in Sources */ = {isa = PBXBuildFile; fileRef = 4CD4755A1EE1C13D001A71ED /* ArrayTests.swift */; };
		4CD4755D1EE1C13D001A71ED /* ArrayTests.swift in Sources */ = {isa = PBXBuildFile; fileRef = 4CD4755A1EE1C13D001A71ED /* ArrayTests.swift */; };
		4CD475601EE1DF54001A71ED /* some.json in Resources */ = {isa = PBXBuildFile; fileRef = 4CD4755E1EE1DDA2001A71ED /* some.json */; };
		4CD475611EE1DF54001A71ED /* some.json in Resources */ = {isa = PBXBuildFile; fileRef = 4CD4755E1EE1DDA2001A71ED /* some.json */; };
		4CD475621EE1DF55001A71ED /* some.json in Resources */ = {isa = PBXBuildFile; fileRef = 4CD4755E1EE1DDA2001A71ED /* some.json */; };
		4CD475641EE1FEEA001A71ED /* JSON+Dictionary.swift in Sources */ = {isa = PBXBuildFile; fileRef = 4CD475631EE1FEEA001A71ED /* JSON+Dictionary.swift */; };
		4CD475651EE1FEEA001A71ED /* JSON+Dictionary.swift in Sources */ = {isa = PBXBuildFile; fileRef = 4CD475631EE1FEEA001A71ED /* JSON+Dictionary.swift */; };
		4CD475661EE1FEEA001A71ED /* JSON+Dictionary.swift in Sources */ = {isa = PBXBuildFile; fileRef = 4CD475631EE1FEEA001A71ED /* JSON+Dictionary.swift */; };
		4CD475671EE1FEEA001A71ED /* JSON+Dictionary.swift in Sources */ = {isa = PBXBuildFile; fileRef = 4CD475631EE1FEEA001A71ED /* JSON+Dictionary.swift */; };
		4CD475691EE202DE001A71ED /* DictionaryTests.swift in Sources */ = {isa = PBXBuildFile; fileRef = 4CD475681EE202DE001A71ED /* DictionaryTests.swift */; };
		4CD4756A1EE202DE001A71ED /* DictionaryTests.swift in Sources */ = {isa = PBXBuildFile; fileRef = 4CD475681EE202DE001A71ED /* DictionaryTests.swift */; };
		4CD4756B1EE202DE001A71ED /* DictionaryTests.swift in Sources */ = {isa = PBXBuildFile; fileRef = 4CD475681EE202DE001A71ED /* DictionaryTests.swift */; };
		4CD4756D1EE20F08001A71ED /* JSON+URL.swift in Sources */ = {isa = PBXBuildFile; fileRef = 4CD4756C1EE20F08001A71ED /* JSON+URL.swift */; };
		4CD4756E1EE20F08001A71ED /* JSON+URL.swift in Sources */ = {isa = PBXBuildFile; fileRef = 4CD4756C1EE20F08001A71ED /* JSON+URL.swift */; };
		4CD4756F1EE20F08001A71ED /* JSON+URL.swift in Sources */ = {isa = PBXBuildFile; fileRef = 4CD4756C1EE20F08001A71ED /* JSON+URL.swift */; };
		4CD475701EE20F08001A71ED /* JSON+URL.swift in Sources */ = {isa = PBXBuildFile; fileRef = 4CD4756C1EE20F08001A71ED /* JSON+URL.swift */; };
		4CD475721EE2228F001A71ED /* JSON+UInt.swift in Sources */ = {isa = PBXBuildFile; fileRef = 4CD475711EE2228F001A71ED /* JSON+UInt.swift */; };
		4CD475731EE2228F001A71ED /* JSON+UInt.swift in Sources */ = {isa = PBXBuildFile; fileRef = 4CD475711EE2228F001A71ED /* JSON+UInt.swift */; };
		4CD475741EE2228F001A71ED /* JSON+UInt.swift in Sources */ = {isa = PBXBuildFile; fileRef = 4CD475711EE2228F001A71ED /* JSON+UInt.swift */; };
		4CD475751EE2228F001A71ED /* JSON+UInt.swift in Sources */ = {isa = PBXBuildFile; fileRef = 4CD475711EE2228F001A71ED /* JSON+UInt.swift */; };
		52D6D9871BEFF229002C0205 /* Bourne.framework in Frameworks */ = {isa = PBXBuildFile; fileRef = 52D6D97C1BEFF229002C0205 /* Bourne.framework */; };
		8933C7851EB5B820000D00A4 /* Bourne.swift in Sources */ = {isa = PBXBuildFile; fileRef = 8933C7841EB5B820000D00A4 /* Bourne.swift */; };
		8933C7861EB5B820000D00A4 /* Bourne.swift in Sources */ = {isa = PBXBuildFile; fileRef = 8933C7841EB5B820000D00A4 /* Bourne.swift */; };
		8933C7871EB5B820000D00A4 /* Bourne.swift in Sources */ = {isa = PBXBuildFile; fileRef = 8933C7841EB5B820000D00A4 /* Bourne.swift */; };
		8933C7881EB5B820000D00A4 /* Bourne.swift in Sources */ = {isa = PBXBuildFile; fileRef = 8933C7841EB5B820000D00A4 /* Bourne.swift */; };
		8933C78E1EB5B82C000D00A4 /* BourneTests.swift in Sources */ = {isa = PBXBuildFile; fileRef = 8933C7891EB5B82A000D00A4 /* BourneTests.swift */; };
		8933C78F1EB5B82C000D00A4 /* BourneTests.swift in Sources */ = {isa = PBXBuildFile; fileRef = 8933C7891EB5B82A000D00A4 /* BourneTests.swift */; };
		8933C7901EB5B82D000D00A4 /* BourneTests.swift in Sources */ = {isa = PBXBuildFile; fileRef = 8933C7891EB5B82A000D00A4 /* BourneTests.swift */; };
		DD7502881C68FEDE006590AF /* Bourne.framework in Frameworks */ = {isa = PBXBuildFile; fileRef = 52D6DA0F1BF000BD002C0205 /* Bourne.framework */; };
		DD7502921C690C7A006590AF /* Bourne.framework in Frameworks */ = {isa = PBXBuildFile; fileRef = 52D6D9F01BEFFFBE002C0205 /* Bourne.framework */; };
/* End PBXBuildFile section */

/* Begin PBXContainerItemProxy section */
		52D6D9881BEFF229002C0205 /* PBXContainerItemProxy */ = {
			isa = PBXContainerItemProxy;
			containerPortal = 52D6D9731BEFF229002C0205 /* Project object */;
			proxyType = 1;
			remoteGlobalIDString = 52D6D97B1BEFF229002C0205;
			remoteInfo = Bourne;
		};
		DD7502801C68FCFC006590AF /* PBXContainerItemProxy */ = {
			isa = PBXContainerItemProxy;
			containerPortal = 52D6D9731BEFF229002C0205 /* Project object */;
			proxyType = 1;
			remoteGlobalIDString = 52D6DA0E1BF000BD002C0205;
			remoteInfo = "Bourne-macOS";
		};
		DD7502931C690C7A006590AF /* PBXContainerItemProxy */ = {
			isa = PBXContainerItemProxy;
			containerPortal = 52D6D9731BEFF229002C0205 /* Project object */;
			proxyType = 1;
			remoteGlobalIDString = 52D6D9EF1BEFFFBE002C0205;
			remoteInfo = "Bourne-tvOS";
		};
/* End PBXContainerItemProxy section */

/* Begin PBXFileReference section */
		3E019E461EE24858005C29BE /* JSON+Float.swift */ = {isa = PBXFileReference; fileEncoding = 4; lastKnownFileType = sourcecode.swift; name = "JSON+Float.swift"; path = "JSON/JSON+Float.swift"; sourceTree = "<group>"; };
		4C6351071EE5B3E80070A56F /* Decodable+JSON.swift */ = {isa = PBXFileReference; fileEncoding = 4; lastKnownFileType = sourcecode.swift; name = "Decodable+JSON.swift"; path = "Decodable/Decodable+JSON.swift"; sourceTree = "<group>"; };
		4C63510C1EE5B4EB0070A56F /* DecodableTests.swift */ = {isa = PBXFileReference; fileEncoding = 4; lastKnownFileType = sourcecode.swift; path = DecodableTests.swift; sourceTree = "<group>"; };
		4C68A7E81EE064E9002382EB /* StringExtensionTests.swift */ = {isa = PBXFileReference; fileEncoding = 4; lastKnownFileType = sourcecode.swift; path = StringExtensionTests.swift; sourceTree = "<group>"; };
		4C68A7ED1EE0666E002382EB /* Decodable+Foundation.swift */ = {isa = PBXFileReference; fileEncoding = 4; lastKnownFileType = sourcecode.swift; name = "Decodable+Foundation.swift"; path = "Decodable/Decodable+Foundation.swift"; sourceTree = "<group>"; };
		4C68A7EF1EE0808A002382EB /* Dictionary+Pairs.swift */ = {isa = PBXFileReference; fileEncoding = 4; lastKnownFileType = sourcecode.swift; path = "Dictionary+Pairs.swift"; sourceTree = "<group>"; };
		4C68A7F11EE08E4C002382EB /* NumberTests.swift */ = {isa = PBXFileReference; fileEncoding = 4; lastKnownFileType = sourcecode.swift; path = NumberTests.swift; sourceTree = "<group>"; };
		4C68A7F61EE0ABFF002382EB /* JSON+Bool.swift */ = {isa = PBXFileReference; fileEncoding = 4; lastKnownFileType = sourcecode.swift; name = "JSON+Bool.swift"; path = "JSON/JSON+Bool.swift"; sourceTree = "<group>"; };
		4C68A7F81EE0AD1D002382EB /* BoolTests.swift */ = {isa = PBXFileReference; fileEncoding = 4; lastKnownFileType = sourcecode.swift; path = BoolTests.swift; sourceTree = "<group>"; };
		4C68A8141EE0C247002382EB /* JSON+Equatable.swift */ = {isa = PBXFileReference; fileEncoding = 4; lastKnownFileType = sourcecode.swift; name = "JSON+Equatable.swift"; path = "JSON/JSON+Equatable.swift"; sourceTree = "<group>"; };
		4C68A81C1EE0C2E3002382EB /* JSON+String.swift */ = {isa = PBXFileReference; fileEncoding = 4; lastKnownFileType = sourcecode.swift; name = "JSON+String.swift"; path = "JSON/JSON+String.swift"; sourceTree = "<group>"; };
		4C68A8211EE0C348002382EB /* JSON+Int.swift */ = {isa = PBXFileReference; fileEncoding = 4; lastKnownFileType = sourcecode.swift; name = "JSON+Int.swift"; path = "JSON/JSON+Int.swift"; sourceTree = "<group>"; };
		4C731FA71ED4E6150047B818 /* Decodable.swift */ = {isa = PBXFileReference; fileEncoding = 4; lastKnownFileType = sourcecode.swift; name = Decodable.swift; path = Decodable/Decodable.swift; sourceTree = "<group>"; };
		4C731FA91ED4E64C0047B818 /* DecodeError.swift */ = {isa = PBXFileReference; fileEncoding = 4; lastKnownFileType = sourcecode.swift; path = DecodeError.swift; sourceTree = "<group>"; };
		4C731FAB1ED4E6AD0047B818 /* JSON.swift */ = {isa = PBXFileReference; fileEncoding = 4; lastKnownFileType = sourcecode.swift; name = JSON.swift; path = JSON/JSON.swift; sourceTree = "<group>"; };
		4C731FAD1ED4E6C70047B818 /* JSONType.swift */ = {isa = PBXFileReference; fileEncoding = 4; lastKnownFileType = sourcecode.swift; name = JSONType.swift; path = JSON/JSONType.swift; sourceTree = "<group>"; };
		4C731FAF1ED4E8620047B818 /* JSONError.swift */ = {isa = PBXFileReference; fileEncoding = 4; lastKnownFileType = sourcecode.swift; name = JSONError.swift; path = JSON/JSONError.swift; sourceTree = "<group>"; };
		4CD475501EE1B7ED001A71ED /* JSON+Double.swift */ = {isa = PBXFileReference; fileEncoding = 4; lastKnownFileType = sourcecode.swift; name = "JSON+Double.swift"; path = "JSON/JSON+Double.swift"; sourceTree = "<group>"; };
		4CD475551EE1C0B4001A71ED /* JSON+Array.swift */ = {isa = PBXFileReference; fileEncoding = 4; lastKnownFileType = sourcecode.swift; name = "JSON+Array.swift"; path = "JSON/JSON+Array.swift"; sourceTree = "<group>"; };
		4CD4755A1EE1C13D001A71ED /* ArrayTests.swift */ = {isa = PBXFileReference; fileEncoding = 4; lastKnownFileType = sourcecode.swift; path = ArrayTests.swift; sourceTree = "<group>"; };
		4CD4755E1EE1DDA2001A71ED /* some.json */ = {isa = PBXFileReference; fileEncoding = 4; lastKnownFileType = text.json; path = some.json; sourceTree = "<group>"; };
		4CD475631EE1FEEA001A71ED /* JSON+Dictionary.swift */ = {isa = PBXFileReference; fileEncoding = 4; lastKnownFileType = sourcecode.swift; name = "JSON+Dictionary.swift"; path = "JSON/JSON+Dictionary.swift"; sourceTree = "<group>"; };
		4CD475681EE202DE001A71ED /* DictionaryTests.swift */ = {isa = PBXFileReference; fileEncoding = 4; lastKnownFileType = sourcecode.swift; path = DictionaryTests.swift; sourceTree = "<group>"; };
		4CD4756C1EE20F08001A71ED /* JSON+URL.swift */ = {isa = PBXFileReference; fileEncoding = 4; lastKnownFileType = sourcecode.swift; name = "JSON+URL.swift"; path = "JSON/JSON+URL.swift"; sourceTree = "<group>"; };
		4CD475711EE2228F001A71ED /* JSON+UInt.swift */ = {isa = PBXFileReference; fileEncoding = 4; lastKnownFileType = sourcecode.swift; name = "JSON+UInt.swift"; path = "JSON/JSON+UInt.swift"; sourceTree = "<group>"; };
		52D6D97C1BEFF229002C0205 /* Bourne.framework */ = {isa = PBXFileReference; explicitFileType = wrapper.framework; includeInIndex = 0; path = Bourne.framework; sourceTree = BUILT_PRODUCTS_DIR; };
		52D6D9861BEFF229002C0205 /* Bourne-iOS Tests.xctest */ = {isa = PBXFileReference; explicitFileType = wrapper.cfbundle; includeInIndex = 0; path = "Bourne-iOS Tests.xctest"; sourceTree = BUILT_PRODUCTS_DIR; };
		52D6D9E21BEFFF6E002C0205 /* Bourne.framework */ = {isa = PBXFileReference; explicitFileType = wrapper.framework; includeInIndex = 0; path = Bourne.framework; sourceTree = BUILT_PRODUCTS_DIR; };
		52D6D9F01BEFFFBE002C0205 /* Bourne.framework */ = {isa = PBXFileReference; explicitFileType = wrapper.framework; includeInIndex = 0; path = Bourne.framework; sourceTree = BUILT_PRODUCTS_DIR; };
		52D6DA0F1BF000BD002C0205 /* Bourne.framework */ = {isa = PBXFileReference; explicitFileType = wrapper.framework; includeInIndex = 0; path = Bourne.framework; sourceTree = BUILT_PRODUCTS_DIR; };
		8933C7841EB5B820000D00A4 /* Bourne.swift */ = {isa = PBXFileReference; fileEncoding = 4; lastKnownFileType = sourcecode.swift; path = Bourne.swift; sourceTree = "<group>"; };
		8933C7891EB5B82A000D00A4 /* BourneTests.swift */ = {isa = PBXFileReference; fileEncoding = 4; lastKnownFileType = sourcecode.swift; path = BourneTests.swift; sourceTree = "<group>"; };
		AD2FAA261CD0B6D800659CF4 /* Bourne.plist */ = {isa = PBXFileReference; fileEncoding = 4; lastKnownFileType = text.plist.xml; path = Bourne.plist; sourceTree = "<group>"; };
		AD2FAA281CD0B6E100659CF4 /* BourneTests.plist */ = {isa = PBXFileReference; fileEncoding = 4; lastKnownFileType = text.plist.xml; path = BourneTests.plist; sourceTree = "<group>"; };
		DD75027A1C68FCFC006590AF /* Bourne-macOS Tests.xctest */ = {isa = PBXFileReference; explicitFileType = wrapper.cfbundle; includeInIndex = 0; path = "Bourne-macOS Tests.xctest"; sourceTree = BUILT_PRODUCTS_DIR; };
		DD75028D1C690C7A006590AF /* Bourne-tvOS Tests.xctest */ = {isa = PBXFileReference; explicitFileType = wrapper.cfbundle; includeInIndex = 0; path = "Bourne-tvOS Tests.xctest"; sourceTree = BUILT_PRODUCTS_DIR; };
/* End PBXFileReference section */

/* Begin PBXFrameworksBuildPhase section */
		52D6D9781BEFF229002C0205 /* Frameworks */ = {
			isa = PBXFrameworksBuildPhase;
			buildActionMask = 2147483647;
			files = (
			);
			runOnlyForDeploymentPostprocessing = 0;
		};
		52D6D9831BEFF229002C0205 /* Frameworks */ = {
			isa = PBXFrameworksBuildPhase;
			buildActionMask = 2147483647;
			files = (
				52D6D9871BEFF229002C0205 /* Bourne.framework in Frameworks */,
			);
			runOnlyForDeploymentPostprocessing = 0;
		};
		52D6D9DE1BEFFF6E002C0205 /* Frameworks */ = {
			isa = PBXFrameworksBuildPhase;
			buildActionMask = 2147483647;
			files = (
			);
			runOnlyForDeploymentPostprocessing = 0;
		};
		52D6D9EC1BEFFFBE002C0205 /* Frameworks */ = {
			isa = PBXFrameworksBuildPhase;
			buildActionMask = 2147483647;
			files = (
			);
			runOnlyForDeploymentPostprocessing = 0;
		};
		52D6DA0B1BF000BD002C0205 /* Frameworks */ = {
			isa = PBXFrameworksBuildPhase;
			buildActionMask = 2147483647;
			files = (
			);
			runOnlyForDeploymentPostprocessing = 0;
		};
		DD7502771C68FCFC006590AF /* Frameworks */ = {
			isa = PBXFrameworksBuildPhase;
			buildActionMask = 2147483647;
			files = (
				DD7502881C68FEDE006590AF /* Bourne.framework in Frameworks */,
			);
			runOnlyForDeploymentPostprocessing = 0;
		};
		DD75028A1C690C7A006590AF /* Frameworks */ = {
			isa = PBXFrameworksBuildPhase;
			buildActionMask = 2147483647;
			files = (
				DD7502921C690C7A006590AF /* Bourne.framework in Frameworks */,
			);
			runOnlyForDeploymentPostprocessing = 0;
		};
/* End PBXFrameworksBuildPhase section */

/* Begin PBXGroup section */
		4C6351041EE59FF20070A56F /* Decodable */ = {
			isa = PBXGroup;
			children = (
				4C731FA71ED4E6150047B818 /* Decodable.swift */,
				4C731FA91ED4E64C0047B818 /* DecodeError.swift */,
				4C68A7ED1EE0666E002382EB /* Decodable+Foundation.swift */,
				4C6351071EE5B3E80070A56F /* Decodable+JSON.swift */,
			);
			name = Decodable;
			sourceTree = "<group>";
		};
		4C731FB11ED4E88D0047B818 /* JSON */ = {
			isa = PBXGroup;
			children = (
				4C731FAB1ED4E6AD0047B818 /* JSON.swift */,
				4C731FAD1ED4E6C70047B818 /* JSONType.swift */,
				4C731FAF1ED4E8620047B818 /* JSONError.swift */,
				4C68A7F61EE0ABFF002382EB /* JSON+Bool.swift */,
				4C68A8141EE0C247002382EB /* JSON+Equatable.swift */,
				4C68A81C1EE0C2E3002382EB /* JSON+String.swift */,
				4C68A8211EE0C348002382EB /* JSON+Int.swift */,
				4CD475501EE1B7ED001A71ED /* JSON+Double.swift */,
				4CD475551EE1C0B4001A71ED /* JSON+Array.swift */,
				4CD475631EE1FEEA001A71ED /* JSON+Dictionary.swift */,
				4CD4756C1EE20F08001A71ED /* JSON+URL.swift */,
				4CD475711EE2228F001A71ED /* JSON+UInt.swift */,
				3E019E461EE24858005C29BE /* JSON+Float.swift */,
			);
			name = JSON;
			sourceTree = "<group>";
		};
		52D6D9721BEFF229002C0205 = {
			isa = PBXGroup;
			children = (
				8933C7811EB5B7E0000D00A4 /* Sources */,
				8933C7831EB5B7EB000D00A4 /* Tests */,
				52D6D99C1BEFF38C002C0205 /* Configs */,
				52D6D97D1BEFF229002C0205 /* Products */,
			);
			sourceTree = "<group>";
		};
		52D6D97D1BEFF229002C0205 /* Products */ = {
			isa = PBXGroup;
			children = (
				52D6D97C1BEFF229002C0205 /* Bourne.framework */,
				52D6D9861BEFF229002C0205 /* Bourne-iOS Tests.xctest */,
				52D6D9E21BEFFF6E002C0205 /* Bourne.framework */,
				52D6D9F01BEFFFBE002C0205 /* Bourne.framework */,
				52D6DA0F1BF000BD002C0205 /* Bourne.framework */,
				DD75027A1C68FCFC006590AF /* Bourne-macOS Tests.xctest */,
				DD75028D1C690C7A006590AF /* Bourne-tvOS Tests.xctest */,
			);
			name = Products;
			sourceTree = "<group>";
		};
		52D6D99C1BEFF38C002C0205 /* Configs */ = {
			isa = PBXGroup;
			children = (
				DD7502721C68FC1B006590AF /* Frameworks */,
				DD7502731C68FC20006590AF /* Tests */,
			);
			path = Configs;
			sourceTree = "<group>";
		};
		8933C7811EB5B7E0000D00A4 /* Sources */ = {
			isa = PBXGroup;
			children = (
				8933C7841EB5B820000D00A4 /* Bourne.swift */,
				4C6351041EE59FF20070A56F /* Decodable */,
				4C731FB11ED4E88D0047B818 /* JSON */,
				4C68A7EF1EE0808A002382EB /* Dictionary+Pairs.swift */,
			);
			path = Sources;
			sourceTree = "<group>";
		};
		8933C7831EB5B7EB000D00A4 /* Tests */ = {
			isa = PBXGroup;
			children = (
				8933C7891EB5B82A000D00A4 /* BourneTests.swift */,
				4C68A7E81EE064E9002382EB /* StringExtensionTests.swift */,
				4C68A7F11EE08E4C002382EB /* NumberTests.swift */,
				4C68A7F81EE0AD1D002382EB /* BoolTests.swift */,
				4CD4755A1EE1C13D001A71ED /* ArrayTests.swift */,
				4CD4755E1EE1DDA2001A71ED /* some.json */,
				4CD475681EE202DE001A71ED /* DictionaryTests.swift */,
				4C63510C1EE5B4EB0070A56F /* DecodableTests.swift */,
			);
			name = Tests;
			path = Tests/BourneTests;
			sourceTree = "<group>";
		};
		DD7502721C68FC1B006590AF /* Frameworks */ = {
			isa = PBXGroup;
			children = (
				AD2FAA261CD0B6D800659CF4 /* Bourne.plist */,
			);
			name = Frameworks;
			sourceTree = "<group>";
		};
		DD7502731C68FC20006590AF /* Tests */ = {
			isa = PBXGroup;
			children = (
				AD2FAA281CD0B6E100659CF4 /* BourneTests.plist */,
			);
			name = Tests;
			sourceTree = "<group>";
		};
/* End PBXGroup section */

/* Begin PBXHeadersBuildPhase section */
		52D6D9791BEFF229002C0205 /* Headers */ = {
			isa = PBXHeadersBuildPhase;
			buildActionMask = 2147483647;
			files = (
			);
			runOnlyForDeploymentPostprocessing = 0;
		};
		52D6D9DF1BEFFF6E002C0205 /* Headers */ = {
			isa = PBXHeadersBuildPhase;
			buildActionMask = 2147483647;
			files = (
			);
			runOnlyForDeploymentPostprocessing = 0;
		};
		52D6D9ED1BEFFFBE002C0205 /* Headers */ = {
			isa = PBXHeadersBuildPhase;
			buildActionMask = 2147483647;
			files = (
			);
			runOnlyForDeploymentPostprocessing = 0;
		};
		52D6DA0C1BF000BD002C0205 /* Headers */ = {
			isa = PBXHeadersBuildPhase;
			buildActionMask = 2147483647;
			files = (
			);
			runOnlyForDeploymentPostprocessing = 0;
		};
/* End PBXHeadersBuildPhase section */

/* Begin PBXNativeTarget section */
		52D6D97B1BEFF229002C0205 /* Bourne-iOS */ = {
			isa = PBXNativeTarget;
			buildConfigurationList = 52D6D9901BEFF229002C0205 /* Build configuration list for PBXNativeTarget "Bourne-iOS" */;
			buildPhases = (
				52D6D9771BEFF229002C0205 /* Sources */,
				52D6D9781BEFF229002C0205 /* Frameworks */,
				52D6D9791BEFF229002C0205 /* Headers */,
				52D6D97A1BEFF229002C0205 /* Resources */,
			);
			buildRules = (
			);
			dependencies = (
			);
			name = "Bourne-iOS";
			productName = Bourne;
			productReference = 52D6D97C1BEFF229002C0205 /* Bourne.framework */;
			productType = "com.apple.product-type.framework";
		};
		52D6D9851BEFF229002C0205 /* Bourne-iOS Tests */ = {
			isa = PBXNativeTarget;
			buildConfigurationList = 52D6D9931BEFF229002C0205 /* Build configuration list for PBXNativeTarget "Bourne-iOS Tests" */;
			buildPhases = (
				52D6D9821BEFF229002C0205 /* Sources */,
				52D6D9831BEFF229002C0205 /* Frameworks */,
				52D6D9841BEFF229002C0205 /* Resources */,
			);
			buildRules = (
			);
			dependencies = (
				52D6D9891BEFF229002C0205 /* PBXTargetDependency */,
			);
			name = "Bourne-iOS Tests";
			productName = BourneTests;
			productReference = 52D6D9861BEFF229002C0205 /* Bourne-iOS Tests.xctest */;
			productType = "com.apple.product-type.bundle.unit-test";
		};
		52D6D9E11BEFFF6E002C0205 /* Bourne-watchOS */ = {
			isa = PBXNativeTarget;
			buildConfigurationList = 52D6D9E71BEFFF6E002C0205 /* Build configuration list for PBXNativeTarget "Bourne-watchOS" */;
			buildPhases = (
				52D6D9DD1BEFFF6E002C0205 /* Sources */,
				52D6D9DE1BEFFF6E002C0205 /* Frameworks */,
				52D6D9DF1BEFFF6E002C0205 /* Headers */,
				52D6D9E01BEFFF6E002C0205 /* Resources */,
			);
			buildRules = (
			);
			dependencies = (
			);
			name = "Bourne-watchOS";
			productName = "Bourne-watchOS";
			productReference = 52D6D9E21BEFFF6E002C0205 /* Bourne.framework */;
			productType = "com.apple.product-type.framework";
		};
		52D6D9EF1BEFFFBE002C0205 /* Bourne-tvOS */ = {
			isa = PBXNativeTarget;
			buildConfigurationList = 52D6DA011BEFFFBE002C0205 /* Build configuration list for PBXNativeTarget "Bourne-tvOS" */;
			buildPhases = (
				52D6D9EB1BEFFFBE002C0205 /* Sources */,
				52D6D9EC1BEFFFBE002C0205 /* Frameworks */,
				52D6D9ED1BEFFFBE002C0205 /* Headers */,
				52D6D9EE1BEFFFBE002C0205 /* Resources */,
			);
			buildRules = (
			);
			dependencies = (
			);
			name = "Bourne-tvOS";
			productName = "Bourne-tvOS";
			productReference = 52D6D9F01BEFFFBE002C0205 /* Bourne.framework */;
			productType = "com.apple.product-type.framework";
		};
		52D6DA0E1BF000BD002C0205 /* Bourne-macOS */ = {
			isa = PBXNativeTarget;
			buildConfigurationList = 52D6DA201BF000BD002C0205 /* Build configuration list for PBXNativeTarget "Bourne-macOS" */;
			buildPhases = (
				52D6DA0A1BF000BD002C0205 /* Sources */,
				52D6DA0B1BF000BD002C0205 /* Frameworks */,
				52D6DA0C1BF000BD002C0205 /* Headers */,
				52D6DA0D1BF000BD002C0205 /* Resources */,
			);
			buildRules = (
			);
			dependencies = (
			);
			name = "Bourne-macOS";
			productName = "Bourne-macOS";
			productReference = 52D6DA0F1BF000BD002C0205 /* Bourne.framework */;
			productType = "com.apple.product-type.framework";
		};
		DD7502791C68FCFC006590AF /* Bourne-macOS Tests */ = {
			isa = PBXNativeTarget;
			buildConfigurationList = DD7502821C68FCFC006590AF /* Build configuration list for PBXNativeTarget "Bourne-macOS Tests" */;
			buildPhases = (
				DD7502761C68FCFC006590AF /* Sources */,
				DD7502771C68FCFC006590AF /* Frameworks */,
				DD7502781C68FCFC006590AF /* Resources */,
			);
			buildRules = (
			);
			dependencies = (
				DD7502811C68FCFC006590AF /* PBXTargetDependency */,
			);
			name = "Bourne-macOS Tests";
			productName = "Bourne-OS Tests";
			productReference = DD75027A1C68FCFC006590AF /* Bourne-macOS Tests.xctest */;
			productType = "com.apple.product-type.bundle.unit-test";
		};
		DD75028C1C690C7A006590AF /* Bourne-tvOS Tests */ = {
			isa = PBXNativeTarget;
			buildConfigurationList = DD7502951C690C7A006590AF /* Build configuration list for PBXNativeTarget "Bourne-tvOS Tests" */;
			buildPhases = (
				DD7502891C690C7A006590AF /* Sources */,
				DD75028A1C690C7A006590AF /* Frameworks */,
				DD75028B1C690C7A006590AF /* Resources */,
			);
			buildRules = (
			);
			dependencies = (
				DD7502941C690C7A006590AF /* PBXTargetDependency */,
			);
			name = "Bourne-tvOS Tests";
			productName = "Bourne-tvOS Tests";
			productReference = DD75028D1C690C7A006590AF /* Bourne-tvOS Tests.xctest */;
			productType = "com.apple.product-type.bundle.unit-test";
		};
/* End PBXNativeTarget section */

/* Begin PBXProject section */
		52D6D9731BEFF229002C0205 /* Project object */ = {
			isa = PBXProject;
			attributes = {
				LastSwiftUpdateCheck = 0720;
				LastUpgradeCheck = 0810;
				ORGANIZATIONNAME = Bourne;
				TargetAttributes = {
					52D6D97B1BEFF229002C0205 = {
						CreatedOnToolsVersion = 7.1;
						LastSwiftMigration = 0800;
					};
					52D6D9851BEFF229002C0205 = {
						CreatedOnToolsVersion = 7.1;
						LastSwiftMigration = 0800;
					};
					52D6D9E11BEFFF6E002C0205 = {
						CreatedOnToolsVersion = 7.1;
						LastSwiftMigration = 0800;
					};
					52D6D9EF1BEFFFBE002C0205 = {
						CreatedOnToolsVersion = 7.1;
						LastSwiftMigration = 0800;
					};
					52D6DA0E1BF000BD002C0205 = {
						CreatedOnToolsVersion = 7.1;
						LastSwiftMigration = 0800;
					};
					DD7502791C68FCFC006590AF = {
						CreatedOnToolsVersion = 7.2.1;
						LastSwiftMigration = 0800;
					};
					DD75028C1C690C7A006590AF = {
						CreatedOnToolsVersion = 7.2.1;
						LastSwiftMigration = 0800;
					};
				};
			};
			buildConfigurationList = 52D6D9761BEFF229002C0205 /* Build configuration list for PBXProject "Bourne" */;
			compatibilityVersion = "Xcode 6.3";
			developmentRegion = English;
			hasScannedForEncodings = 0;
			knownRegions = (
				en,
			);
			mainGroup = 52D6D9721BEFF229002C0205;
			productRefGroup = 52D6D97D1BEFF229002C0205 /* Products */;
			projectDirPath = "";
			projectRoot = "";
			targets = (
				52D6D97B1BEFF229002C0205 /* Bourne-iOS */,
				52D6DA0E1BF000BD002C0205 /* Bourne-macOS */,
				52D6D9E11BEFFF6E002C0205 /* Bourne-watchOS */,
				52D6D9EF1BEFFFBE002C0205 /* Bourne-tvOS */,
				52D6D9851BEFF229002C0205 /* Bourne-iOS Tests */,
				DD7502791C68FCFC006590AF /* Bourne-macOS Tests */,
				DD75028C1C690C7A006590AF /* Bourne-tvOS Tests */,
			);
		};
/* End PBXProject section */

/* Begin PBXResourcesBuildPhase section */
		52D6D97A1BEFF229002C0205 /* Resources */ = {
			isa = PBXResourcesBuildPhase;
			buildActionMask = 2147483647;
			files = (
			);
			runOnlyForDeploymentPostprocessing = 0;
		};
		52D6D9841BEFF229002C0205 /* Resources */ = {
			isa = PBXResourcesBuildPhase;
			buildActionMask = 2147483647;
			files = (
				4CD475601EE1DF54001A71ED /* some.json in Resources */,
			);
			runOnlyForDeploymentPostprocessing = 0;
		};
		52D6D9E01BEFFF6E002C0205 /* Resources */ = {
			isa = PBXResourcesBuildPhase;
			buildActionMask = 2147483647;
			files = (
			);
			runOnlyForDeploymentPostprocessing = 0;
		};
		52D6D9EE1BEFFFBE002C0205 /* Resources */ = {
			isa = PBXResourcesBuildPhase;
			buildActionMask = 2147483647;
			files = (
			);
			runOnlyForDeploymentPostprocessing = 0;
		};
		52D6DA0D1BF000BD002C0205 /* Resources */ = {
			isa = PBXResourcesBuildPhase;
			buildActionMask = 2147483647;
			files = (
			);
			runOnlyForDeploymentPostprocessing = 0;
		};
		DD7502781C68FCFC006590AF /* Resources */ = {
			isa = PBXResourcesBuildPhase;
			buildActionMask = 2147483647;
			files = (
				4CD475611EE1DF54001A71ED /* some.json in Resources */,
			);
			runOnlyForDeploymentPostprocessing = 0;
		};
		DD75028B1C690C7A006590AF /* Resources */ = {
			isa = PBXResourcesBuildPhase;
			buildActionMask = 2147483647;
			files = (
				4CD475621EE1DF55001A71ED /* some.json in Resources */,
			);
			runOnlyForDeploymentPostprocessing = 0;
		};
/* End PBXResourcesBuildPhase section */

/* Begin PBXSourcesBuildPhase section */
		52D6D9771BEFF229002C0205 /* Sources */ = {
			isa = PBXSourcesBuildPhase;
			buildActionMask = 2147483647;
			files = (
				4C68A81B1EE0C25A002382EB /* JSON+Equatable.swift in Sources */,
				4CD4756D1EE20F08001A71ED /* JSON+URL.swift in Sources */,
				4CD475641EE1FEEA001A71ED /* JSON+Dictionary.swift in Sources */,
				4C731FB01ED4E8620047B818 /* JSONError.swift in Sources */,
				4C68A7F01EE0808A002382EB /* Dictionary+Pairs.swift in Sources */,
				4C731FAE1ED4E6C70047B818 /* JSONType.swift in Sources */,
				4C6351081EE5B3E80070A56F /* Decodable+JSON.swift in Sources */,
				4C731FAA1ED4E64C0047B818 /* DecodeError.swift in Sources */,
				4C68A8221EE0C348002382EB /* JSON+Int.swift in Sources */,
				8933C7851EB5B820000D00A4 /* Bourne.swift in Sources */,
				4C731FA81ED4E6150047B818 /* Decodable.swift in Sources */,
				4C68A81D1EE0C2E3002382EB /* JSON+String.swift in Sources */,
				4CD475561EE1C0B4001A71ED /* JSON+Array.swift in Sources */,
				4C731FAC1ED4E6AD0047B818 /* JSON.swift in Sources */,
				4C68A7EE1EE0666E002382EB /* Decodable+Foundation.swift in Sources */,
				3E019E471EE24858005C29BE /* JSON+Float.swift in Sources */,
				4CD475511EE1B7ED001A71ED /* JSON+Double.swift in Sources */,
				4CD475721EE2228F001A71ED /* JSON+UInt.swift in Sources */,
				4C68A7F71EE0ABFF002382EB /* JSON+Bool.swift in Sources */,
			);
			runOnlyForDeploymentPostprocessing = 0;
		};
		52D6D9821BEFF229002C0205 /* Sources */ = {
			isa = PBXSourcesBuildPhase;
			buildActionMask = 2147483647;
			files = (
				4CD4755B1EE1C13D001A71ED /* ArrayTests.swift in Sources */,
				4C68A7F31EE08E7D002382EB /* NumberTests.swift in Sources */,
				4C68A7F91EE0AD1D002382EB /* BoolTests.swift in Sources */,
				4C68A7EA1EE065BF002382EB /* StringExtensionTests.swift in Sources */,
				4C63510E1EE5B4F50070A56F /* DecodableTests.swift in Sources */,
				8933C7901EB5B82D000D00A4 /* BourneTests.swift in Sources */,
				4CD475691EE202DE001A71ED /* DictionaryTests.swift in Sources */,
			);
			runOnlyForDeploymentPostprocessing = 0;
		};
		52D6D9DD1BEFFF6E002C0205 /* Sources */ = {
			isa = PBXSourcesBuildPhase;
			buildActionMask = 2147483647;
			files = (
				4C68A8191EE0C258002382EB /* JSON+Equatable.swift in Sources */,
				4CD4756F1EE20F08001A71ED /* JSON+URL.swift in Sources */,
				4CD475661EE1FEEA001A71ED /* JSON+Dictionary.swift in Sources */,
				4C68A8001EE0C19D002382EB /* DecodeError.swift in Sources */,
				4C68A8121EE0C205002382EB /* Dictionary+Pairs.swift in Sources */,
				4C68A80C1EE0C1AD002382EB /* JSONError.swift in Sources */,
				4C63510A1EE5B4DC0070A56F /* Decodable+JSON.swift in Sources */,
				4C68A8091EE0C1A9002382EB /* JSONType.swift in Sources */,
				4C68A8241EE0C348002382EB /* JSON+Int.swift in Sources */,
				4C68A80F1EE0C202002382EB /* JSON+Bool.swift in Sources */,
				4C68A8061EE0C1A5002382EB /* JSON.swift in Sources */,
				4C68A81F1EE0C2E3002382EB /* JSON+String.swift in Sources */,
				4CD475581EE1C0B4001A71ED /* JSON+Array.swift in Sources */,
				8933C7871EB5B820000D00A4 /* Bourne.swift in Sources */,
				4C68A8031EE0C1A1002382EB /* Decodable+Foundation.swift in Sources */,
				3E019E491EE24858005C29BE /* JSON+Float.swift in Sources */,
				4CD475531EE1B7ED001A71ED /* JSON+Double.swift in Sources */,
				4CD475741EE2228F001A71ED /* JSON+UInt.swift in Sources */,
				4C68A7FD1EE0C199002382EB /* Decodable.swift in Sources */,
			);
			runOnlyForDeploymentPostprocessing = 0;
		};
		52D6D9EB1BEFFFBE002C0205 /* Sources */ = {
			isa = PBXSourcesBuildPhase;
			buildActionMask = 2147483647;
			files = (
				4C68A8181EE0C258002382EB /* JSON+Equatable.swift in Sources */,
				4CD475701EE20F08001A71ED /* JSON+URL.swift in Sources */,
				4CD475671EE1FEEA001A71ED /* JSON+Dictionary.swift in Sources */,
				4C68A8011EE0C19D002382EB /* DecodeError.swift in Sources */,
				4C68A8131EE0C206002382EB /* Dictionary+Pairs.swift in Sources */,
				4C68A80D1EE0C1AE002382EB /* JSONError.swift in Sources */,
				4C63510B1EE5B4DD0070A56F /* Decodable+JSON.swift in Sources */,
				4C68A80A1EE0C1AA002382EB /* JSONType.swift in Sources */,
				4C68A8251EE0C348002382EB /* JSON+Int.swift in Sources */,
				4C68A8101EE0C202002382EB /* JSON+Bool.swift in Sources */,
				4C68A8071EE0C1A6002382EB /* JSON.swift in Sources */,
				4C68A8201EE0C2E3002382EB /* JSON+String.swift in Sources */,
				4CD475591EE1C0B4001A71ED /* JSON+Array.swift in Sources */,
				8933C7881EB5B820000D00A4 /* Bourne.swift in Sources */,
				4C68A8041EE0C1A2002382EB /* Decodable+Foundation.swift in Sources */,
				3E019E4A1EE24858005C29BE /* JSON+Float.swift in Sources */,
				4CD475541EE1B7ED001A71ED /* JSON+Double.swift in Sources */,
				4CD475751EE2228F001A71ED /* JSON+UInt.swift in Sources */,
				4C68A7FE1EE0C199002382EB /* Decodable.swift in Sources */,
			);
			runOnlyForDeploymentPostprocessing = 0;
		};
		52D6DA0A1BF000BD002C0205 /* Sources */ = {
			isa = PBXSourcesBuildPhase;
			buildActionMask = 2147483647;
			files = (
				4C68A81A1EE0C259002382EB /* JSON+Equatable.swift in Sources */,
				4CD4756E1EE20F08001A71ED /* JSON+URL.swift in Sources */,
				4CD475651EE1FEEA001A71ED /* JSON+Dictionary.swift in Sources */,
				4C68A7FF1EE0C19C002382EB /* DecodeError.swift in Sources */,
				4C68A8111EE0C205002382EB /* Dictionary+Pairs.swift in Sources */,
				4C68A80B1EE0C1AD002382EB /* JSONError.swift in Sources */,
				4C6351091EE5B4DC0070A56F /* Decodable+JSON.swift in Sources */,
				4C68A8081EE0C1A9002382EB /* JSONType.swift in Sources */,
				4C68A8231EE0C348002382EB /* JSON+Int.swift in Sources */,
				4C68A80E1EE0C201002382EB /* JSON+Bool.swift in Sources */,
				4C68A8051EE0C1A5002382EB /* JSON.swift in Sources */,
				4C68A81E1EE0C2E3002382EB /* JSON+String.swift in Sources */,
				4CD475571EE1C0B4001A71ED /* JSON+Array.swift in Sources */,
				8933C7861EB5B820000D00A4 /* Bourne.swift in Sources */,
				4C68A8021EE0C1A1002382EB /* Decodable+Foundation.swift in Sources */,
				3E019E481EE24858005C29BE /* JSON+Float.swift in Sources */,
				4CD475521EE1B7ED001A71ED /* JSON+Double.swift in Sources */,
				4CD475731EE2228F001A71ED /* JSON+UInt.swift in Sources */,
				4C68A7FC1EE0C198002382EB /* Decodable.swift in Sources */,
			);
			runOnlyForDeploymentPostprocessing = 0;
		};
		DD7502761C68FCFC006590AF /* Sources */ = {
			isa = PBXSourcesBuildPhase;
			buildActionMask = 2147483647;
			files = (
				4CD4755C1EE1C13D001A71ED /* ArrayTests.swift in Sources */,
				4C68A7F41EE08E7E002382EB /* NumberTests.swift in Sources */,
				4C68A7FA1EE0AD1D002382EB /* BoolTests.swift in Sources */,
				4C68A7EB1EE065C0002382EB /* StringExtensionTests.swift in Sources */,
				4C63510F1EE5B4F60070A56F /* DecodableTests.swift in Sources */,
				8933C78F1EB5B82C000D00A4 /* BourneTests.swift in Sources */,
				4CD4756A1EE202DE001A71ED /* DictionaryTests.swift in Sources */,
			);
			runOnlyForDeploymentPostprocessing = 0;
		};
		DD7502891C690C7A006590AF /* Sources */ = {
			isa = PBXSourcesBuildPhase;
			buildActionMask = 2147483647;
			files = (
				4CD4755D1EE1C13D001A71ED /* ArrayTests.swift in Sources */,
				4C68A7F51EE08E7E002382EB /* NumberTests.swift in Sources */,
				4C68A7FB1EE0AD1D002382EB /* BoolTests.swift in Sources */,
				4C68A7EC1EE065C0002382EB /* StringExtensionTests.swift in Sources */,
				4C6351101EE5B4F60070A56F /* DecodableTests.swift in Sources */,
				8933C78E1EB5B82C000D00A4 /* BourneTests.swift in Sources */,
				4CD4756B1EE202DE001A71ED /* DictionaryTests.swift in Sources */,
			);
			runOnlyForDeploymentPostprocessing = 0;
		};
/* End PBXSourcesBuildPhase section */

/* Begin PBXTargetDependency section */
		52D6D9891BEFF229002C0205 /* PBXTargetDependency */ = {
			isa = PBXTargetDependency;
			target = 52D6D97B1BEFF229002C0205 /* Bourne-iOS */;
			targetProxy = 52D6D9881BEFF229002C0205 /* PBXContainerItemProxy */;
		};
		DD7502811C68FCFC006590AF /* PBXTargetDependency */ = {
			isa = PBXTargetDependency;
			target = 52D6DA0E1BF000BD002C0205 /* Bourne-macOS */;
			targetProxy = DD7502801C68FCFC006590AF /* PBXContainerItemProxy */;
		};
		DD7502941C690C7A006590AF /* PBXTargetDependency */ = {
			isa = PBXTargetDependency;
			target = 52D6D9EF1BEFFFBE002C0205 /* Bourne-tvOS */;
			targetProxy = DD7502931C690C7A006590AF /* PBXContainerItemProxy */;
		};
/* End PBXTargetDependency section */

/* Begin XCBuildConfiguration section */
		52D6D98E1BEFF229002C0205 /* Debug */ = {
			isa = XCBuildConfiguration;
			buildSettings = {
				ALWAYS_SEARCH_USER_PATHS = NO;
				CLANG_CXX_LANGUAGE_STANDARD = "gnu++0x";
				CLANG_CXX_LIBRARY = "libc++";
				CLANG_ENABLE_MODULES = YES;
				CLANG_ENABLE_OBJC_ARC = YES;
				CLANG_WARN_BOOL_CONVERSION = YES;
				CLANG_WARN_CONSTANT_CONVERSION = YES;
				CLANG_WARN_DIRECT_OBJC_ISA_USAGE = YES_ERROR;
				CLANG_WARN_EMPTY_BODY = YES;
				CLANG_WARN_ENUM_CONVERSION = YES;
				CLANG_WARN_INFINITE_RECURSION = YES;
				CLANG_WARN_INT_CONVERSION = YES;
				CLANG_WARN_OBJC_ROOT_CLASS = YES_ERROR;
				CLANG_WARN_SUSPICIOUS_MOVE = YES;
				CLANG_WARN_UNREACHABLE_CODE = YES;
				CLANG_WARN__DUPLICATE_METHOD_MATCH = YES;
				"CODE_SIGN_IDENTITY[sdk=iphoneos*]" = "iPhone Developer";
				COPY_PHASE_STRIP = NO;
				CURRENT_PROJECT_VERSION = 1;
				DEBUG_INFORMATION_FORMAT = dwarf;
				ENABLE_STRICT_OBJC_MSGSEND = YES;
				ENABLE_TESTABILITY = YES;
				GCC_C_LANGUAGE_STANDARD = gnu99;
				GCC_DYNAMIC_NO_PIC = NO;
				GCC_NO_COMMON_BLOCKS = YES;
				GCC_OPTIMIZATION_LEVEL = 0;
				GCC_PREPROCESSOR_DEFINITIONS = (
					"DEBUG=1",
					"$(inherited)",
				);
				GCC_WARN_64_TO_32_BIT_CONVERSION = YES;
				GCC_WARN_ABOUT_RETURN_TYPE = YES_ERROR;
				GCC_WARN_UNDECLARED_SELECTOR = YES;
				GCC_WARN_UNINITIALIZED_AUTOS = YES_AGGRESSIVE;
				GCC_WARN_UNUSED_FUNCTION = YES;
				GCC_WARN_UNUSED_VARIABLE = YES;
				IPHONEOS_DEPLOYMENT_TARGET = 8.0;
				MTL_ENABLE_DEBUG_INFO = YES;
				ONLY_ACTIVE_ARCH = YES;
				SDKROOT = iphoneos;
				SWIFT_OPTIMIZATION_LEVEL = "-Onone";
				SWIFT_VERSION = 3.0;
				TARGETED_DEVICE_FAMILY = "1,2";
				VERSIONING_SYSTEM = "apple-generic";
				VERSION_INFO_PREFIX = "";
			};
			name = Debug;
		};
		52D6D98F1BEFF229002C0205 /* Release */ = {
			isa = XCBuildConfiguration;
			buildSettings = {
				ALWAYS_SEARCH_USER_PATHS = NO;
				CLANG_CXX_LANGUAGE_STANDARD = "gnu++0x";
				CLANG_CXX_LIBRARY = "libc++";
				CLANG_ENABLE_MODULES = YES;
				CLANG_ENABLE_OBJC_ARC = YES;
				CLANG_WARN_BOOL_CONVERSION = YES;
				CLANG_WARN_CONSTANT_CONVERSION = YES;
				CLANG_WARN_DIRECT_OBJC_ISA_USAGE = YES_ERROR;
				CLANG_WARN_EMPTY_BODY = YES;
				CLANG_WARN_ENUM_CONVERSION = YES;
				CLANG_WARN_INFINITE_RECURSION = YES;
				CLANG_WARN_INT_CONVERSION = YES;
				CLANG_WARN_OBJC_ROOT_CLASS = YES_ERROR;
				CLANG_WARN_SUSPICIOUS_MOVE = YES;
				CLANG_WARN_UNREACHABLE_CODE = YES;
				CLANG_WARN__DUPLICATE_METHOD_MATCH = YES;
				"CODE_SIGN_IDENTITY[sdk=iphoneos*]" = "iPhone Developer";
				COPY_PHASE_STRIP = NO;
				CURRENT_PROJECT_VERSION = 1;
				DEBUG_INFORMATION_FORMAT = "dwarf-with-dsym";
				ENABLE_NS_ASSERTIONS = NO;
				ENABLE_STRICT_OBJC_MSGSEND = YES;
				GCC_C_LANGUAGE_STANDARD = gnu99;
				GCC_NO_COMMON_BLOCKS = YES;
				GCC_WARN_64_TO_32_BIT_CONVERSION = YES;
				GCC_WARN_ABOUT_RETURN_TYPE = YES_ERROR;
				GCC_WARN_UNDECLARED_SELECTOR = YES;
				GCC_WARN_UNINITIALIZED_AUTOS = YES_AGGRESSIVE;
				GCC_WARN_UNUSED_FUNCTION = YES;
				GCC_WARN_UNUSED_VARIABLE = YES;
				IPHONEOS_DEPLOYMENT_TARGET = 8.0;
				MTL_ENABLE_DEBUG_INFO = NO;
				SDKROOT = iphoneos;
				SWIFT_VERSION = 3.0;
				TARGETED_DEVICE_FAMILY = "1,2";
				VALIDATE_PRODUCT = YES;
				VERSIONING_SYSTEM = "apple-generic";
				VERSION_INFO_PREFIX = "";
			};
			name = Release;
		};
		52D6D9911BEFF229002C0205 /* Debug */ = {
			isa = XCBuildConfiguration;
			buildSettings = {
				APPLICATION_EXTENSION_API_ONLY = YES;
				CLANG_ENABLE_MODULES = YES;
				"CODE_SIGN_IDENTITY[sdk=iphoneos*]" = "";
				DEFINES_MODULE = YES;
				DYLIB_COMPATIBILITY_VERSION = 1;
				DYLIB_CURRENT_VERSION = 1;
				DYLIB_INSTALL_NAME_BASE = "@rpath";
				INFOPLIST_FILE = Configs/Bourne.plist;
				INSTALL_PATH = "$(LOCAL_LIBRARY_DIR)/Frameworks";
				IPHONEOS_DEPLOYMENT_TARGET = 8.0;
				LD_RUNPATH_SEARCH_PATHS = "$(inherited) @executable_path/Frameworks @loader_path/Frameworks";
				ONLY_ACTIVE_ARCH = NO;
				PRODUCT_BUNDLE_IDENTIFIER = "com.Bourne.Bourne-iOS";
				PRODUCT_NAME = Bourne;
				SKIP_INSTALL = YES;
				SWIFT_OPTIMIZATION_LEVEL = "-Onone";
				SWIFT_VERSION = 3.0;
			};
			name = Debug;
		};
		52D6D9921BEFF229002C0205 /* Release */ = {
			isa = XCBuildConfiguration;
			buildSettings = {
				APPLICATION_EXTENSION_API_ONLY = YES;
				CLANG_ENABLE_MODULES = YES;
				"CODE_SIGN_IDENTITY[sdk=iphoneos*]" = "";
				DEFINES_MODULE = YES;
				DYLIB_COMPATIBILITY_VERSION = 1;
				DYLIB_CURRENT_VERSION = 1;
				DYLIB_INSTALL_NAME_BASE = "@rpath";
				INFOPLIST_FILE = Configs/Bourne.plist;
				INSTALL_PATH = "$(LOCAL_LIBRARY_DIR)/Frameworks";
				IPHONEOS_DEPLOYMENT_TARGET = 8.0;
				LD_RUNPATH_SEARCH_PATHS = "$(inherited) @executable_path/Frameworks @loader_path/Frameworks";
				PRODUCT_BUNDLE_IDENTIFIER = "com.Bourne.Bourne-iOS";
				PRODUCT_NAME = Bourne;
				SKIP_INSTALL = YES;
				SWIFT_OPTIMIZATION_LEVEL = "-Owholemodule";
				SWIFT_VERSION = 3.0;
			};
			name = Release;
		};
		52D6D9941BEFF229002C0205 /* Debug */ = {
			isa = XCBuildConfiguration;
			buildSettings = {
				CLANG_ENABLE_MODULES = YES;
				INFOPLIST_FILE = Configs/BourneTests.plist;
				LD_RUNPATH_SEARCH_PATHS = "$(inherited) @executable_path/Frameworks @loader_path/Frameworks";
				PRODUCT_BUNDLE_IDENTIFIER = "com.Bourne.Bourne-iOS-Tests";
				PRODUCT_NAME = "$(TARGET_NAME)";
				SWIFT_OPTIMIZATION_LEVEL = "-Onone";
				SWIFT_VERSION = 3.0;
			};
			name = Debug;
		};
		52D6D9951BEFF229002C0205 /* Release */ = {
			isa = XCBuildConfiguration;
			buildSettings = {
				CLANG_ENABLE_MODULES = YES;
				INFOPLIST_FILE = Configs/BourneTests.plist;
				LD_RUNPATH_SEARCH_PATHS = "$(inherited) @executable_path/Frameworks @loader_path/Frameworks";
				PRODUCT_BUNDLE_IDENTIFIER = "com.Bourne.Bourne-iOS-Tests";
				PRODUCT_NAME = "$(TARGET_NAME)";
				SWIFT_OPTIMIZATION_LEVEL = "-Owholemodule";
				SWIFT_VERSION = 3.0;
			};
			name = Release;
		};
		52D6D9E81BEFFF6E002C0205 /* Debug */ = {
			isa = XCBuildConfiguration;
			buildSettings = {
				APPLICATION_EXTENSION_API_ONLY = YES;
				"CODE_SIGN_IDENTITY[sdk=watchos*]" = "";
				DEFINES_MODULE = YES;
				DYLIB_COMPATIBILITY_VERSION = 1;
				DYLIB_CURRENT_VERSION = 1;
				DYLIB_INSTALL_NAME_BASE = "@rpath";
				INFOPLIST_FILE = Configs/Bourne.plist;
				INSTALL_PATH = "$(LOCAL_LIBRARY_DIR)/Frameworks";
				LD_RUNPATH_SEARCH_PATHS = "$(inherited) @executable_path/Frameworks @loader_path/Frameworks";
				PRODUCT_BUNDLE_IDENTIFIER = "com.Bourne.Bourne-watchOS";
				PRODUCT_NAME = Bourne;
				SDKROOT = watchos;
				SKIP_INSTALL = YES;
				SWIFT_VERSION = 3.0;
				TARGETED_DEVICE_FAMILY = 4;
				WATCHOS_DEPLOYMENT_TARGET = 2.0;
			};
			name = Debug;
		};
		52D6D9E91BEFFF6E002C0205 /* Release */ = {
			isa = XCBuildConfiguration;
			buildSettings = {
				APPLICATION_EXTENSION_API_ONLY = YES;
				"CODE_SIGN_IDENTITY[sdk=watchos*]" = "";
				DEFINES_MODULE = YES;
				DYLIB_COMPATIBILITY_VERSION = 1;
				DYLIB_CURRENT_VERSION = 1;
				DYLIB_INSTALL_NAME_BASE = "@rpath";
				INFOPLIST_FILE = Configs/Bourne.plist;
				INSTALL_PATH = "$(LOCAL_LIBRARY_DIR)/Frameworks";
				LD_RUNPATH_SEARCH_PATHS = "$(inherited) @executable_path/Frameworks @loader_path/Frameworks";
				PRODUCT_BUNDLE_IDENTIFIER = "com.Bourne.Bourne-watchOS";
				PRODUCT_NAME = Bourne;
				SDKROOT = watchos;
				SKIP_INSTALL = YES;
				SWIFT_OPTIMIZATION_LEVEL = "-Owholemodule";
				SWIFT_VERSION = 3.0;
				TARGETED_DEVICE_FAMILY = 4;
				WATCHOS_DEPLOYMENT_TARGET = 2.0;
			};
			name = Release;
		};
		52D6DA021BEFFFBE002C0205 /* Debug */ = {
			isa = XCBuildConfiguration;
			buildSettings = {
				APPLICATION_EXTENSION_API_ONLY = YES;
				"CODE_SIGN_IDENTITY[sdk=appletvos*]" = "";
				DEFINES_MODULE = YES;
				DYLIB_COMPATIBILITY_VERSION = 1;
				DYLIB_CURRENT_VERSION = 1;
				DYLIB_INSTALL_NAME_BASE = "@rpath";
				INFOPLIST_FILE = Configs/Bourne.plist;
				INSTALL_PATH = "$(LOCAL_LIBRARY_DIR)/Frameworks";
				LD_RUNPATH_SEARCH_PATHS = "$(inherited) @executable_path/Frameworks @loader_path/Frameworks";
				PRODUCT_BUNDLE_IDENTIFIER = "com.Bourne.Bourne-tvOS";
				PRODUCT_NAME = Bourne;
				SDKROOT = appletvos;
				SKIP_INSTALL = YES;
				SWIFT_VERSION = 3.0;
				TARGETED_DEVICE_FAMILY = 3;
				TVOS_DEPLOYMENT_TARGET = 9.0;
			};
			name = Debug;
		};
		52D6DA031BEFFFBE002C0205 /* Release */ = {
			isa = XCBuildConfiguration;
			buildSettings = {
				APPLICATION_EXTENSION_API_ONLY = YES;
				"CODE_SIGN_IDENTITY[sdk=appletvos*]" = "";
				DEFINES_MODULE = YES;
				DYLIB_COMPATIBILITY_VERSION = 1;
				DYLIB_CURRENT_VERSION = 1;
				DYLIB_INSTALL_NAME_BASE = "@rpath";
				INFOPLIST_FILE = Configs/Bourne.plist;
				INSTALL_PATH = "$(LOCAL_LIBRARY_DIR)/Frameworks";
				LD_RUNPATH_SEARCH_PATHS = "$(inherited) @executable_path/Frameworks @loader_path/Frameworks";
				PRODUCT_BUNDLE_IDENTIFIER = "com.Bourne.Bourne-tvOS";
				PRODUCT_NAME = Bourne;
				SDKROOT = appletvos;
				SKIP_INSTALL = YES;
				SWIFT_OPTIMIZATION_LEVEL = "-Owholemodule";
				SWIFT_VERSION = 3.0;
				TARGETED_DEVICE_FAMILY = 3;
				TVOS_DEPLOYMENT_TARGET = 9.0;
			};
			name = Release;
		};
		52D6DA211BF000BD002C0205 /* Debug */ = {
			isa = XCBuildConfiguration;
			buildSettings = {
				APPLICATION_EXTENSION_API_ONLY = YES;
				CODE_SIGN_IDENTITY = "-";
				COMBINE_HIDPI_IMAGES = YES;
				DEFINES_MODULE = YES;
				DYLIB_COMPATIBILITY_VERSION = 1;
				DYLIB_CURRENT_VERSION = 1;
				DYLIB_INSTALL_NAME_BASE = "@rpath";
				FRAMEWORK_VERSION = A;
				INFOPLIST_FILE = Configs/Bourne.plist;
				INSTALL_PATH = "$(LOCAL_LIBRARY_DIR)/Frameworks";
				LD_RUNPATH_SEARCH_PATHS = "$(inherited) @executable_path/../Frameworks @loader_path/Frameworks";
				MACOSX_DEPLOYMENT_TARGET = 10.10;
				PRODUCT_BUNDLE_IDENTIFIER = "com.Bourne.Bourne-macOS";
				PRODUCT_NAME = Bourne;
				SDKROOT = macosx;
				SKIP_INSTALL = YES;
				SWIFT_VERSION = 3.0;
			};
			name = Debug;
		};
		52D6DA221BF000BD002C0205 /* Release */ = {
			isa = XCBuildConfiguration;
			buildSettings = {
				APPLICATION_EXTENSION_API_ONLY = YES;
				CODE_SIGN_IDENTITY = "-";
				COMBINE_HIDPI_IMAGES = YES;
				DEFINES_MODULE = YES;
				DYLIB_COMPATIBILITY_VERSION = 1;
				DYLIB_CURRENT_VERSION = 1;
				DYLIB_INSTALL_NAME_BASE = "@rpath";
				FRAMEWORK_VERSION = A;
				INFOPLIST_FILE = Configs/Bourne.plist;
				INSTALL_PATH = "$(LOCAL_LIBRARY_DIR)/Frameworks";
				LD_RUNPATH_SEARCH_PATHS = "$(inherited) @executable_path/../Frameworks @loader_path/Frameworks";
				MACOSX_DEPLOYMENT_TARGET = 10.10;
				PRODUCT_BUNDLE_IDENTIFIER = "com.Bourne.Bourne-macOS";
				PRODUCT_NAME = Bourne;
				SDKROOT = macosx;
				SKIP_INSTALL = YES;
				SWIFT_OPTIMIZATION_LEVEL = "-Owholemodule";
				SWIFT_VERSION = 3.0;
			};
			name = Release;
		};
		DD7502831C68FCFC006590AF /* Debug */ = {
			isa = XCBuildConfiguration;
			buildSettings = {
				CODE_SIGN_IDENTITY = "-";
				COMBINE_HIDPI_IMAGES = YES;
				INFOPLIST_FILE = Configs/BourneTests.plist;
				LD_RUNPATH_SEARCH_PATHS = "$(inherited) @executable_path/../Frameworks @loader_path/../Frameworks";
				MACOSX_DEPLOYMENT_TARGET = 10.11;
				PRODUCT_BUNDLE_IDENTIFIER = "com.Bourne.Bourne-macOS-Tests";
				PRODUCT_NAME = "$(TARGET_NAME)";
				SDKROOT = macosx;
				SWIFT_VERSION = 3.0;
			};
			name = Debug;
		};
		DD7502841C68FCFC006590AF /* Release */ = {
			isa = XCBuildConfiguration;
			buildSettings = {
				CODE_SIGN_IDENTITY = "-";
				COMBINE_HIDPI_IMAGES = YES;
				INFOPLIST_FILE = Configs/BourneTests.plist;
				LD_RUNPATH_SEARCH_PATHS = "$(inherited) @executable_path/../Frameworks @loader_path/../Frameworks";
				MACOSX_DEPLOYMENT_TARGET = 10.11;
				PRODUCT_BUNDLE_IDENTIFIER = "com.Bourne.Bourne-macOS-Tests";
				PRODUCT_NAME = "$(TARGET_NAME)";
				SDKROOT = macosx;
				SWIFT_OPTIMIZATION_LEVEL = "-Owholemodule";
				SWIFT_VERSION = 3.0;
			};
			name = Release;
		};
		DD7502961C690C7A006590AF /* Debug */ = {
			isa = XCBuildConfiguration;
			buildSettings = {
				INFOPLIST_FILE = Configs/BourneTests.plist;
				LD_RUNPATH_SEARCH_PATHS = "$(inherited) @executable_path/Frameworks @loader_path/Frameworks";
				PRODUCT_BUNDLE_IDENTIFIER = "com.Bourne.Bourne-tvOS-Tests";
				PRODUCT_NAME = "$(TARGET_NAME)";
				SDKROOT = appletvos;
				SWIFT_VERSION = 3.0;
				TVOS_DEPLOYMENT_TARGET = 9.1;
			};
			name = Debug;
		};
		DD7502971C690C7A006590AF /* Release */ = {
			isa = XCBuildConfiguration;
			buildSettings = {
				INFOPLIST_FILE = Configs/BourneTests.plist;
				LD_RUNPATH_SEARCH_PATHS = "$(inherited) @executable_path/Frameworks @loader_path/Frameworks";
				PRODUCT_BUNDLE_IDENTIFIER = "com.Bourne.Bourne-tvOS-Tests";
				PRODUCT_NAME = "$(TARGET_NAME)";
				SDKROOT = appletvos;
				SWIFT_OPTIMIZATION_LEVEL = "-Owholemodule";
				SWIFT_VERSION = 3.0;
				TVOS_DEPLOYMENT_TARGET = 9.1;
			};
			name = Release;
		};
/* End XCBuildConfiguration section */

/* Begin XCConfigurationList section */
		52D6D9761BEFF229002C0205 /* Build configuration list for PBXProject "Bourne" */ = {
			isa = XCConfigurationList;
			buildConfigurations = (
				52D6D98E1BEFF229002C0205 /* Debug */,
				52D6D98F1BEFF229002C0205 /* Release */,
			);
			defaultConfigurationIsVisible = 0;
			defaultConfigurationName = Release;
		};
		52D6D9901BEFF229002C0205 /* Build configuration list for PBXNativeTarget "Bourne-iOS" */ = {
			isa = XCConfigurationList;
			buildConfigurations = (
				52D6D9911BEFF229002C0205 /* Debug */,
				52D6D9921BEFF229002C0205 /* Release */,
			);
			defaultConfigurationIsVisible = 0;
			defaultConfigurationName = Release;
		};
		52D6D9931BEFF229002C0205 /* Build configuration list for PBXNativeTarget "Bourne-iOS Tests" */ = {
			isa = XCConfigurationList;
			buildConfigurations = (
				52D6D9941BEFF229002C0205 /* Debug */,
				52D6D9951BEFF229002C0205 /* Release */,
			);
			defaultConfigurationIsVisible = 0;
			defaultConfigurationName = Release;
		};
		52D6D9E71BEFFF6E002C0205 /* Build configuration list for PBXNativeTarget "Bourne-watchOS" */ = {
			isa = XCConfigurationList;
			buildConfigurations = (
				52D6D9E81BEFFF6E002C0205 /* Debug */,
				52D6D9E91BEFFF6E002C0205 /* Release */,
			);
			defaultConfigurationIsVisible = 0;
			defaultConfigurationName = Release;
		};
		52D6DA011BEFFFBE002C0205 /* Build configuration list for PBXNativeTarget "Bourne-tvOS" */ = {
			isa = XCConfigurationList;
			buildConfigurations = (
				52D6DA021BEFFFBE002C0205 /* Debug */,
				52D6DA031BEFFFBE002C0205 /* Release */,
			);
			defaultConfigurationIsVisible = 0;
			defaultConfigurationName = Release;
		};
		52D6DA201BF000BD002C0205 /* Build configuration list for PBXNativeTarget "Bourne-macOS" */ = {
			isa = XCConfigurationList;
			buildConfigurations = (
				52D6DA211BF000BD002C0205 /* Debug */,
				52D6DA221BF000BD002C0205 /* Release */,
			);
			defaultConfigurationIsVisible = 0;
			defaultConfigurationName = Release;
		};
		DD7502821C68FCFC006590AF /* Build configuration list for PBXNativeTarget "Bourne-macOS Tests" */ = {
			isa = XCConfigurationList;
			buildConfigurations = (
				DD7502831C68FCFC006590AF /* Debug */,
				DD7502841C68FCFC006590AF /* Release */,
			);
			defaultConfigurationIsVisible = 0;
			defaultConfigurationName = Release;
		};
		DD7502951C690C7A006590AF /* Build configuration list for PBXNativeTarget "Bourne-tvOS Tests" */ = {
			isa = XCConfigurationList;
			buildConfigurations = (
				DD7502961C690C7A006590AF /* Debug */,
				DD7502971C690C7A006590AF /* Release */,
			);
			defaultConfigurationIsVisible = 0;
			defaultConfigurationName = Release;
		};
/* End XCConfigurationList section */
	};
	rootObject = 52D6D9731BEFF229002C0205 /* Project object */;
}
